
Microsoft Visual Studio Solution File, Format Version 12.00
# Visual Studio 2012
Project("{FAE04EC0-301F-11D3-BF4B-00C04F79EFBC}") = "MyProtfolio", "MyProtfolio\MyProtfolio.csproj", "{DDE74194-CD6B-407D-81B7-7423D90A9955}"
EndProject
Global
	GlobalSection(SolutionConfigurationPlatforms) = preSolution
		Debug|Any CPU = Debug|Any CPU
		Release|Any CPU = Release|Any CPU
	EndGlobalSection
	GlobalSection(ProjectConfigurationPlatforms) = postSolution
		{DDE74194-CD6B-407D-81B7-7423D90A9955}.Debug|Any CPU.ActiveCfg = Debug|Any CPU
		{DDE74194-CD6B-407D-81B7-7423D90A9955}.Debug|Any CPU.Build.0 = Debug|Any CPU
		{DDE74194-CD6B-407D-81B7-7423D90A9955}.Release|Any CPU.ActiveCfg = Release|Any CPU
		{DDE74194-CD6B-407D-81B7-7423D90A9955}.Release|Any CPU.Build.0 = Release|Any CPU
	EndGlobalSection
	GlobalSection(SolutionProperties) = preSolution
		HideSolutionNode = FALSE
	EndGlobalSection
EndGlobal
